// !$*UTF8*$!
{
	archiveVersion = 1;
	classes = {
	};
	objectVersion = 48;
	objects = {

/* Begin PBXBuildFile section */
		6F07F8DE1FA7ED8B0001888A /* block.png in Resources */ = {isa = PBXBuildFile; fileRef = 6F07F8D91FA7ED8A0001888A /* block.png */; };
		6F07F8E01FA7ED8B0001888A /* crack3.png in Resources */ = {isa = PBXBuildFile; fileRef = 6F07F8DB1FA7ED8B0001888A /* crack3.png */; };
		6F07F8E11FA7ED8B0001888A /* crack1.png in Resources */ = {isa = PBXBuildFile; fileRef = 6F07F8DC1FA7ED8B0001888A /* crack1.png */; };
		6F07F8E21FA7ED8B0001888A /* crack2.png in Resources */ = {isa = PBXBuildFile; fileRef = 6F07F8DD1FA7ED8B0001888A /* crack2.png */; };
		6F07F8EA1FA7ED960001888A /* hole.png in Resources */ = {isa = PBXBuildFile; fileRef = 6F07F8E31FA7ED940001888A /* hole.png */; };
		6F07F8EB1FA7ED960001888A /* Spike bottom.png in Resources */ = {isa = PBXBuildFile; fileRef = 6F07F8E41FA7ED940001888A /* Spike bottom.png */; };
		6F07F8EC1FA7ED960001888A /* Spike top.png in Resources */ = {isa = PBXBuildFile; fileRef = 6F07F8E51FA7ED950001888A /* Spike top.png */; };
		6F07F8ED1FA7ED960001888A /* Spike left.png in Resources */ = {isa = PBXBuildFile; fileRef = 6F07F8E61FA7ED950001888A /* Spike left.png */; };
		6F07F8EE1FA7ED960001888A /* header.png in Resources */ = {isa = PBXBuildFile; fileRef = 6F07F8E71FA7ED950001888A /* header.png */; };
		6F07F8EF1FA7ED960001888A /* player.png in Resources */ = {isa = PBXBuildFile; fileRef = 6F07F8E81FA7ED950001888A /* player.png */; };
		6F07F8F01FA7ED960001888A /* Spike right.png in Resources */ = {isa = PBXBuildFile; fileRef = 6F07F8E91FA7ED950001888A /* Spike right.png */; };
		6F3470811FAA2AAF005C2FF8 /* level1.txt in Resources */ = {isa = PBXBuildFile; fileRef = 6F34707F1FAA2AAF005C2FF8 /* level1.txt */; };
		6F3470821FAA2AAF005C2FF8 /* level3.txt in Resources */ = {isa = PBXBuildFile; fileRef = 6F3470801FAA2AAF005C2FF8 /* level3.txt */; };
		6F67715B1FB0DAD2007CB528 /* ViewOne.swift in Sources */ = {isa = PBXBuildFile; fileRef = 6F67715A1FB0DAD2007CB528 /* ViewOne.swift */; };
		6F67715D1FB0DADD007CB528 /* ViewTwo.swift in Sources */ = {isa = PBXBuildFile; fileRef = 6F67715C1FB0DADD007CB528 /* ViewTwo.swift */; };
		6F8DEAC51FB6181700C3245C /* buttonback.png in Resources */ = {isa = PBXBuildFile; fileRef = 6F8DEAC41FB6181600C3245C /* buttonback.png */; };
		6F9266361FBA16750038F180 /* wood.png in Resources */ = {isa = PBXBuildFile; fileRef = 6F9266351FBA16750038F180 /* wood.png */; };
		6F9266381FBA16850038F180 /* woodbutton.png in Resources */ = {isa = PBXBuildFile; fileRef = 6F9266371FBA16850038F180 /* woodbutton.png */; };
		6F9266481FBA17920038F180 /* brick.png in Resources */ = {isa = PBXBuildFile; fileRef = 6F9266471FBA17920038F180 /* brick.png */; };
		6F92664A1FBA179F0038F180 /* background_stone.png in Resources */ = {isa = PBXBuildFile; fileRef = 6F9266491FBA179F0038F180 /* background_stone.png */; };
		6FA2B1471F82F57D00506CC8 /* AppDelegate.swift in Sources */ = {isa = PBXBuildFile; fileRef = 6FA2B1461F82F57D00506CC8 /* AppDelegate.swift */; };
		6FA2B1491F82F57D00506CC8 /* GameScene.sks in Resources */ = {isa = PBXBuildFile; fileRef = 6FA2B1481F82F57D00506CC8 /* GameScene.sks */; };
		6FA2B14B1F82F57D00506CC8 /* Actions.sks in Resources */ = {isa = PBXBuildFile; fileRef = 6FA2B14A1F82F57D00506CC8 /* Actions.sks */; };
		6FA2B14D1F82F57D00506CC8 /* GameScene.swift in Sources */ = {isa = PBXBuildFile; fileRef = 6FA2B14C1F82F57D00506CC8 /* GameScene.swift */; };
		6FA2B14F1F82F57D00506CC8 /* GameViewController.swift in Sources */ = {isa = PBXBuildFile; fileRef = 6FA2B14E1F82F57D00506CC8 /* GameViewController.swift */; };
		6FA2B1521F82F57D00506CC8 /* Main.storyboard in Resources */ = {isa = PBXBuildFile; fileRef = 6FA2B1501F82F57D00506CC8 /* Main.storyboard */; };
		6FA2B1541F82F57D00506CC8 /* Assets.xcassets in Resources */ = {isa = PBXBuildFile; fileRef = 6FA2B1531F82F57D00506CC8 /* Assets.xcassets */; };
		6FA2B1621F82F57D00506CC8 /* What_Should_We_Name_ItTests.swift in Sources */ = {isa = PBXBuildFile; fileRef = 6FA2B1611F82F57D00506CC8 /* What_Should_We_Name_ItTests.swift */; };
		6FA2B16D1F82F57D00506CC8 /* What_Should_We_Name_ItUITests.swift in Sources */ = {isa = PBXBuildFile; fileRef = 6FA2B16C1F82F57D00506CC8 /* What_Should_We_Name_ItUITests.swift */; };
		6FB34D291FB152F300AE3F04 /* backgroundmenu.png in Resources */ = {isa = PBXBuildFile; fileRef = 6FB34D281FB152F300AE3F04 /* backgroundmenu.png */; };
		C66813721FA0E9E200627B7B /* level1.txt in Resources */ = {isa = PBXBuildFile; fileRef = C66813711FA0E9E200627B7B /* level1.txt */; };
		C93F88D51FB37CE40055144A /* level2.txt in Resources */ = {isa = PBXBuildFile; fileRef = C93F88D41FB37CE40055144A /* level2.txt */; };
		C99867C41FAB7BC300B18087 /* Rock_Block.png in Resources */ = {isa = PBXBuildFile; fileRef = C99867C31FAB7BC300B18087 /* Rock_Block.png */; };
		C99867C81FAB974800B18087 /* background_wood.png in Resources */ = {isa = PBXBuildFile; fileRef = C99867C71FAB974800B18087 /* background_wood.png */; };
		C99867CE1FAB995800B18087 /* background_brick.png in Resources */ = {isa = PBXBuildFile; fileRef = C99867CC1FAB995800B18087 /* background_brick.png */; };
		C99867D01FAB9E2600B18087 /* Check.png in Resources */ = {isa = PBXBuildFile; fileRef = C99867CF1FAB9E2600B18087 /* Check.png */; };
		C99867D21FAB9E3300B18087 /* Checkrotated.png in Resources */ = {isa = PBXBuildFile; fileRef = C99867D11FAB9E3300B18087 /* Checkrotated.png */; };
		F51334411F9025650091A18B /* Launch Screen.storyboard in Resources */ = {isa = PBXBuildFile; fileRef = F51334401F9025650091A18B /* Launch Screen.storyboard */; };
/* End PBXBuildFile section */

/* Begin PBXContainerItemProxy section */
		6FA2B15E1F82F57D00506CC8 /* PBXContainerItemProxy */ = {
			isa = PBXContainerItemProxy;
			containerPortal = 6FA2B13B1F82F57D00506CC8 /* Project object */;
			proxyType = 1;
			remoteGlobalIDString = 6FA2B1421F82F57D00506CC8;
			remoteInfo = "What Should We Name It";
		};
		6FA2B1691F82F57D00506CC8 /* PBXContainerItemProxy */ = {
			isa = PBXContainerItemProxy;
			containerPortal = 6FA2B13B1F82F57D00506CC8 /* Project object */;
			proxyType = 1;
			remoteGlobalIDString = 6FA2B1421F82F57D00506CC8;
			remoteInfo = "What Should We Name It";
		};
/* End PBXContainerItemProxy section */

/* Begin PBXFileReference section */
		6F07F8D91FA7ED8A0001888A /* block.png */ = {isa = PBXFileReference; lastKnownFileType = image.png; path = block.png; sourceTree = "<group>"; };
		6F07F8DB1FA7ED8B0001888A /* crack3.png */ = {isa = PBXFileReference; lastKnownFileType = image.png; path = crack3.png; sourceTree = "<group>"; };
		6F07F8DC1FA7ED8B0001888A /* crack1.png */ = {isa = PBXFileReference; lastKnownFileType = image.png; path = crack1.png; sourceTree = "<group>"; };
		6F07F8DD1FA7ED8B0001888A /* crack2.png */ = {isa = PBXFileReference; lastKnownFileType = image.png; path = crack2.png; sourceTree = "<group>"; };
		6F07F8E31FA7ED940001888A /* hole.png */ = {isa = PBXFileReference; lastKnownFileType = image.png; path = hole.png; sourceTree = "<group>"; };
		6F07F8E41FA7ED940001888A /* Spike bottom.png */ = {isa = PBXFileReference; lastKnownFileType = image.png; path = "Spike bottom.png"; sourceTree = "<group>"; };
		6F07F8E51FA7ED950001888A /* Spike top.png */ = {isa = PBXFileReference; lastKnownFileType = image.png; path = "Spike top.png"; sourceTree = "<group>"; };
		6F07F8E61FA7ED950001888A /* Spike left.png */ = {isa = PBXFileReference; lastKnownFileType = image.png; path = "Spike left.png"; sourceTree = "<group>"; };
		6F07F8E71FA7ED950001888A /* header.png */ = {isa = PBXFileReference; lastKnownFileType = image.png; path = header.png; sourceTree = "<group>"; };
		6F07F8E81FA7ED950001888A /* player.png */ = {isa = PBXFileReference; lastKnownFileType = image.png; path = player.png; sourceTree = "<group>"; };
		6F07F8E91FA7ED950001888A /* Spike right.png */ = {isa = PBXFileReference; lastKnownFileType = image.png; path = "Spike right.png"; sourceTree = "<group>"; };
		6F34707F1FAA2AAF005C2FF8 /* level1.txt */ = {isa = PBXFileReference; fileEncoding = 4; lastKnownFileType = text; path = level1.txt; sourceTree = SOURCE_ROOT; };
		6F3470801FAA2AAF005C2FF8 /* level3.txt */ = {isa = PBXFileReference; fileEncoding = 4; lastKnownFileType = text; path = level3.txt; sourceTree = SOURCE_ROOT; };
		6F67715A1FB0DAD2007CB528 /* ViewOne.swift */ = {isa = PBXFileReference; lastKnownFileType = sourcecode.swift; path = ViewOne.swift; sourceTree = "<group>"; };
		6F67715C1FB0DADD007CB528 /* ViewTwo.swift */ = {isa = PBXFileReference; lastKnownFileType = sourcecode.swift; path = ViewTwo.swift; sourceTree = "<group>"; };
		6F8DEAC41FB6181600C3245C /* buttonback.png */ = {isa = PBXFileReference; lastKnownFileType = image.png; path = buttonback.png; sourceTree = "<group>"; };
		6F9266351FBA16750038F180 /* wood.png */ = {isa = PBXFileReference; lastKnownFileType = image.png; path = wood.png; sourceTree = "<group>"; };
		6F9266371FBA16850038F180 /* woodbutton.png */ = {isa = PBXFileReference; lastKnownFileType = image.png; path = woodbutton.png; sourceTree = "<group>"; };
		6F9266471FBA17920038F180 /* brick.png */ = {isa = PBXFileReference; lastKnownFileType = image.png; path = brick.png; sourceTree = "<group>"; };
		6F9266491FBA179F0038F180 /* background_stone.png */ = {isa = PBXFileReference; lastKnownFileType = image.png; path = background_stone.png; sourceTree = "<group>"; };
		6FA2B1431F82F57D00506CC8 /* What Should We Name It.app */ = {isa = PBXFileReference; explicitFileType = wrapper.application; includeInIndex = 0; path = "What Should We Name It.app"; sourceTree = BUILT_PRODUCTS_DIR; };
		6FA2B1461F82F57D00506CC8 /* AppDelegate.swift */ = {isa = PBXFileReference; lastKnownFileType = sourcecode.swift; path = AppDelegate.swift; sourceTree = "<group>"; };
		6FA2B1481F82F57D00506CC8 /* GameScene.sks */ = {isa = PBXFileReference; lastKnownFileType = file.sks; path = GameScene.sks; sourceTree = "<group>"; };
		6FA2B14A1F82F57D00506CC8 /* Actions.sks */ = {isa = PBXFileReference; lastKnownFileType = file.sks; path = Actions.sks; sourceTree = "<group>"; };
		6FA2B14C1F82F57D00506CC8 /* GameScene.swift */ = {isa = PBXFileReference; lastKnownFileType = sourcecode.swift; path = GameScene.swift; sourceTree = "<group>"; };
		6FA2B14E1F82F57D00506CC8 /* GameViewController.swift */ = {isa = PBXFileReference; lastKnownFileType = sourcecode.swift; path = GameViewController.swift; sourceTree = "<group>"; };
		6FA2B1511F82F57D00506CC8 /* Base */ = {isa = PBXFileReference; lastKnownFileType = file.storyboard; name = Base; path = Base.lproj/Main.storyboard; sourceTree = "<group>"; };
		6FA2B1531F82F57D00506CC8 /* Assets.xcassets */ = {isa = PBXFileReference; lastKnownFileType = folder.assetcatalog; path = Assets.xcassets; sourceTree = "<group>"; };
		6FA2B1581F82F57D00506CC8 /* Info.plist */ = {isa = PBXFileReference; lastKnownFileType = text.plist.xml; path = Info.plist; sourceTree = "<group>"; };
		6FA2B15D1F82F57D00506CC8 /* What Should We Name ItTests.xctest */ = {isa = PBXFileReference; explicitFileType = wrapper.cfbundle; includeInIndex = 0; path = "What Should We Name ItTests.xctest"; sourceTree = BUILT_PRODUCTS_DIR; };
		6FA2B1611F82F57D00506CC8 /* What_Should_We_Name_ItTests.swift */ = {isa = PBXFileReference; lastKnownFileType = sourcecode.swift; path = What_Should_We_Name_ItTests.swift; sourceTree = "<group>"; };
		6FA2B1631F82F57D00506CC8 /* Info.plist */ = {isa = PBXFileReference; lastKnownFileType = text.plist.xml; path = Info.plist; sourceTree = "<group>"; };
		6FA2B1681F82F57D00506CC8 /* What Should We Name ItUITests.xctest */ = {isa = PBXFileReference; explicitFileType = wrapper.cfbundle; includeInIndex = 0; path = "What Should We Name ItUITests.xctest"; sourceTree = BUILT_PRODUCTS_DIR; };
		6FA2B16C1F82F57D00506CC8 /* What_Should_We_Name_ItUITests.swift */ = {isa = PBXFileReference; lastKnownFileType = sourcecode.swift; path = What_Should_We_Name_ItUITests.swift; sourceTree = "<group>"; };
		6FA2B16E1F82F57D00506CC8 /* Info.plist */ = {isa = PBXFileReference; lastKnownFileType = text.plist.xml; path = Info.plist; sourceTree = "<group>"; };
		6FB34D281FB152F300AE3F04 /* backgroundmenu.png */ = {isa = PBXFileReference; lastKnownFileType = image.png; path = backgroundmenu.png; sourceTree = "<group>"; };
		C66813711FA0E9E200627B7B /* level1.txt */ = {isa = PBXFileReference; fileEncoding = 4; lastKnownFileType = text; path = level1.txt; sourceTree = SOURCE_ROOT; };
		C93F88D41FB37CE40055144A /* level2.txt */ = {isa = PBXFileReference; fileEncoding = 4; lastKnownFileType = text; path = level2.txt; sourceTree = "<group>"; };
		C99867C31FAB7BC300B18087 /* Rock_Block.png */ = {isa = PBXFileReference; lastKnownFileType = image.png; path = Rock_Block.png; sourceTree = "<group>"; };
		C99867C71FAB974800B18087 /* background_wood.png */ = {isa = PBXFileReference; lastKnownFileType = image.png; path = background_wood.png; sourceTree = "<group>"; };
		C99867CC1FAB995800B18087 /* background_brick.png */ = {isa = PBXFileReference; lastKnownFileType = image.png; path = background_brick.png; sourceTree = "<group>"; };
		C99867CF1FAB9E2600B18087 /* Check.png */ = {isa = PBXFileReference; lastKnownFileType = image.png; path = Check.png; sourceTree = "<group>"; };
		C99867D11FAB9E3300B18087 /* Checkrotated.png */ = {isa = PBXFileReference; lastKnownFileType = image.png; path = Checkrotated.png; sourceTree = "<group>"; };
		F51334401F9025650091A18B /* Launch Screen.storyboard */ = {isa = PBXFileReference; lastKnownFileType = file.storyboard; path = "Launch Screen.storyboard"; sourceTree = "<group>"; };
/* End PBXFileReference section */

/* Begin PBXFrameworksBuildPhase section */
		6FA2B1401F82F57D00506CC8 /* Frameworks */ = {
			isa = PBXFrameworksBuildPhase;
			buildActionMask = 2147483647;
			files = (
			);
			runOnlyForDeploymentPostprocessing = 0;
		};
		6FA2B15A1F82F57D00506CC8 /* Frameworks */ = {
			isa = PBXFrameworksBuildPhase;
			buildActionMask = 2147483647;
			files = (
			);
			runOnlyForDeploymentPostprocessing = 0;
		};
		6FA2B1651F82F57D00506CC8 /* Frameworks */ = {
			isa = PBXFrameworksBuildPhase;
			buildActionMask = 2147483647;
			files = (
			);
			runOnlyForDeploymentPostprocessing = 0;
		};
/* End PBXFrameworksBuildPhase section */

/* Begin PBXGroup section */
		6FA2B13A1F82F57D00506CC8 = {
			isa = PBXGroup;
			children = (
				6FA2B1451F82F57D00506CC8 /* What Should We Name It */,
				6FA2B1601F82F57D00506CC8 /* What Should We Name ItTests */,
				6FA2B16B1F82F57D00506CC8 /* What Should We Name ItUITests */,
				6FA2B1441F82F57D00506CC8 /* Products */,
				C61FE0221FA789E70079416A /* Recovered References */,
			);
			sourceTree = "<group>";
		};
		6FA2B1441F82F57D00506CC8 /* Products */ = {
			isa = PBXGroup;
			children = (
				6FA2B1431F82F57D00506CC8 /* What Should We Name It.app */,
				6FA2B15D1F82F57D00506CC8 /* What Should We Name ItTests.xctest */,
				6FA2B1681F82F57D00506CC8 /* What Should We Name ItUITests.xctest */,
			);
			name = Products;
			sourceTree = "<group>";
		};
		6FA2B1451F82F57D00506CC8 /* What Should We Name It */ = {
			isa = PBXGroup;
			children = (
				6FA2B14A1F82F57D00506CC8 /* Actions.sks */,
				6FA2B1461F82F57D00506CC8 /* AppDelegate.swift */,
				6FA2B1481F82F57D00506CC8 /* GameScene.sks */,
				6FA2B14C1F82F57D00506CC8 /* GameScene.swift */,
				6FA2B14E1F82F57D00506CC8 /* GameViewController.swift */,
				6FA2B1501F82F57D00506CC8 /* Main.storyboard */,
				6F67715A1FB0DAD2007CB528 /* ViewOne.swift */,
				6F67715C1FB0DADD007CB528 /* ViewTwo.swift */,
				6FA2B1531F82F57D00506CC8 /* Assets.xcassets */,
				6FA2B1581F82F57D00506CC8 /* Info.plist */,
				6FB90B4E1F8D8B940022C997 /* Content */,
				F51334401F9025650091A18B /* Launch Screen.storyboard */,
			);
			path = "What Should We Name It";
			sourceTree = "<group>";
		};
		6FA2B1601F82F57D00506CC8 /* What Should We Name ItTests */ = {
			isa = PBXGroup;
			children = (
				6FA2B1611F82F57D00506CC8 /* What_Should_We_Name_ItTests.swift */,
				6FA2B1631F82F57D00506CC8 /* Info.plist */,
			);
			path = "What Should We Name ItTests";
			sourceTree = "<group>";
		};
		6FA2B16B1F82F57D00506CC8 /* What Should We Name ItUITests */ = {
			isa = PBXGroup;
			children = (
				6FA2B16C1F82F57D00506CC8 /* What_Should_We_Name_ItUITests.swift */,
				6FA2B16E1F82F57D00506CC8 /* Info.plist */,
			);
			path = "What Should We Name ItUITests";
			sourceTree = "<group>";
		};
		6FB90B4E1F8D8B940022C997 /* Content */ = {
			isa = PBXGroup;
			children = (
				6F9266351FBA16750038F180 /* wood.png */,
				6F9266371FBA16850038F180 /* woodbutton.png */,
				6F07F8E71FA7ED950001888A /* header.png */,
				6F9266491FBA179F0038F180 /* background_stone.png */,
				C99867C71FAB974800B18087 /* background_wood.png */,
				6F9266471FBA17920038F180 /* brick.png */,
				6F8DEAC41FB6181600C3245C /* buttonback.png */,
				6F07F8E31FA7ED940001888A /* hole.png */,
				6F34707F1FAA2AAF005C2FF8 /* level1.txt */,
				6F3470801FAA2AAF005C2FF8 /* level3.txt */,
				6FB34D281FB152F300AE3F04 /* backgroundmenu.png */,
				6F07F8E81FA7ED950001888A /* player.png */,
				6F07F8E41FA7ED940001888A /* Spike bottom.png */,
				C99867CC1FAB995800B18087 /* background_brick.png */,
				C93F88D41FB37CE40055144A /* level2.txt */,
				6F07F8E61FA7ED950001888A /* Spike left.png */,
				C99867C31FAB7BC300B18087 /* Rock_Block.png */,
				6F07F8E91FA7ED950001888A /* Spike right.png */,
				6F07F8E51FA7ED950001888A /* Spike top.png */,
				C99867CF1FAB9E2600B18087 /* Check.png */,
				C99867D11FAB9E3300B18087 /* Checkrotated.png */,
				6F07F8D91FA7ED8A0001888A /* block.png */,
				6F07F8DC1FA7ED8B0001888A /* crack1.png */,
				6F07F8DD1FA7ED8B0001888A /* crack2.png */,
				6F07F8DB1FA7ED8B0001888A /* crack3.png */,
			);
			path = Content;
			sourceTree = "<group>";
		};
		C61FE0221FA789E70079416A /* Recovered References */ = {
			isa = PBXGroup;
			children = (
				C66813711FA0E9E200627B7B /* level1.txt */,
			);
			name = "Recovered References";
			sourceTree = "<group>";
		};
/* End PBXGroup section */

/* Begin PBXNativeTarget section */
		6FA2B1421F82F57D00506CC8 /* What Should We Name It */ = {
			isa = PBXNativeTarget;
			buildConfigurationList = 6FA2B1711F82F57D00506CC8 /* Build configuration list for PBXNativeTarget "What Should We Name It" */;
			buildPhases = (
				6FA2B13F1F82F57D00506CC8 /* Sources */,
				6FA2B1401F82F57D00506CC8 /* Frameworks */,
				6FA2B1411F82F57D00506CC8 /* Resources */,
			);
			buildRules = (
			);
			dependencies = (
			);
			name = "What Should We Name It";
			productName = "What Should We Name It";
			productReference = 6FA2B1431F82F57D00506CC8 /* What Should We Name It.app */;
			productType = "com.apple.product-type.application";
		};
		6FA2B15C1F82F57D00506CC8 /* What Should We Name ItTests */ = {
			isa = PBXNativeTarget;
			buildConfigurationList = 6FA2B1741F82F57D00506CC8 /* Build configuration list for PBXNativeTarget "What Should We Name ItTests" */;
			buildPhases = (
				6FA2B1591F82F57D00506CC8 /* Sources */,
				6FA2B15A1F82F57D00506CC8 /* Frameworks */,
				6FA2B15B1F82F57D00506CC8 /* Resources */,
			);
			buildRules = (
			);
			dependencies = (
				6FA2B15F1F82F57D00506CC8 /* PBXTargetDependency */,
			);
			name = "What Should We Name ItTests";
			productName = "What Should We Name ItTests";
			productReference = 6FA2B15D1F82F57D00506CC8 /* What Should We Name ItTests.xctest */;
			productType = "com.apple.product-type.bundle.unit-test";
		};
		6FA2B1671F82F57D00506CC8 /* What Should We Name ItUITests */ = {
			isa = PBXNativeTarget;
			buildConfigurationList = 6FA2B1771F82F57D00506CC8 /* Build configuration list for PBXNativeTarget "What Should We Name ItUITests" */;
			buildPhases = (
				6FA2B1641F82F57D00506CC8 /* Sources */,
				6FA2B1651F82F57D00506CC8 /* Frameworks */,
				6FA2B1661F82F57D00506CC8 /* Resources */,
			);
			buildRules = (
			);
			dependencies = (
				6FA2B16A1F82F57D00506CC8 /* PBXTargetDependency */,
			);
			name = "What Should We Name ItUITests";
			productName = "What Should We Name ItUITests";
			productReference = 6FA2B1681F82F57D00506CC8 /* What Should We Name ItUITests.xctest */;
			productType = "com.apple.product-type.bundle.ui-testing";
		};
/* End PBXNativeTarget section */

/* Begin PBXProject section */
		6FA2B13B1F82F57D00506CC8 /* Project object */ = {
			isa = PBXProject;
			attributes = {
				LastSwiftUpdateCheck = 0900;
				LastUpgradeCheck = 0900;
				ORGANIZATIONNAME = Swift;
				TargetAttributes = {
					6FA2B1421F82F57D00506CC8 = {
						CreatedOnToolsVersion = 9.0;
						ProvisioningStyle = Automatic;
					};
					6FA2B15C1F82F57D00506CC8 = {
						CreatedOnToolsVersion = 9.0;
						ProvisioningStyle = Automatic;
						TestTargetID = 6FA2B1421F82F57D00506CC8;
					};
					6FA2B1671F82F57D00506CC8 = {
						CreatedOnToolsVersion = 9.0;
						ProvisioningStyle = Automatic;
						TestTargetID = 6FA2B1421F82F57D00506CC8;
					};
				};
			};
			buildConfigurationList = 6FA2B13E1F82F57D00506CC8 /* Build configuration list for PBXProject "What Should We Name It" */;
			compatibilityVersion = "Xcode 8.0";
			developmentRegion = en;
			hasScannedForEncodings = 0;
			knownRegions = (
				en,
				Base,
			);
			mainGroup = 6FA2B13A1F82F57D00506CC8;
			productRefGroup = 6FA2B1441F82F57D00506CC8 /* Products */;
			projectDirPath = "";
			projectRoot = "";
			targets = (
				6FA2B1421F82F57D00506CC8 /* What Should We Name It */,
				6FA2B15C1F82F57D00506CC8 /* What Should We Name ItTests */,
				6FA2B1671F82F57D00506CC8 /* What Should We Name ItUITests */,
			);
		};
/* End PBXProject section */

/* Begin PBXResourcesBuildPhase section */
		6FA2B1411F82F57D00506CC8 /* Resources */ = {
			isa = PBXResourcesBuildPhase;
			buildActionMask = 2147483647;
			files = (
				6F07F8EF1FA7ED960001888A /* player.png in Resources */,
				6FA2B1521F82F57D00506CC8 /* Main.storyboard in Resources */,
				6F07F8DE1FA7ED8B0001888A /* block.png in Resources */,
				6F07F8EB1FA7ED960001888A /* Spike bottom.png in Resources */,
				6F3470811FAA2AAF005C2FF8 /* level1.txt in Resources */,
				6F07F8EA1FA7ED960001888A /* hole.png in Resources */,
				6FA2B1491F82F57D00506CC8 /* GameScene.sks in Resources */,
				6F3470821FAA2AAF005C2FF8 /* level3.txt in Resources */,
				C99867D21FAB9E3300B18087 /* Checkrotated.png in Resources */,
				6F07F8EE1FA7ED960001888A /* header.png in Resources */,
				6F07F8F01FA7ED960001888A /* Spike right.png in Resources */,
				6F92664A1FBA179F0038F180 /* background_stone.png in Resources */,
				6F9266381FBA16850038F180 /* woodbutton.png in Resources */,
				6F07F8ED1FA7ED960001888A /* Spike left.png in Resources */,
				F51334411F9025650091A18B /* Launch Screen.storyboard in Resources */,
				C99867C41FAB7BC300B18087 /* Rock_Block.png in Resources */,
				C99867CE1FAB995800B18087 /* background_brick.png in Resources */,
				C99867C81FAB974800B18087 /* background_wood.png in Resources */,
				6F07F8E01FA7ED8B0001888A /* crack3.png in Resources */,
				6F8DEAC51FB6181700C3245C /* buttonback.png in Resources */,
				C99867D01FAB9E2600B18087 /* Check.png in Resources */,
				6FA2B1541F82F57D00506CC8 /* Assets.xcassets in Resources */,
				6F9266361FBA16750038F180 /* wood.png in Resources */,
				C66813721FA0E9E200627B7B /* level1.txt in Resources */,
				C93F88D51FB37CE40055144A /* level2.txt in Resources */,
				6F07F8E11FA7ED8B0001888A /* crack1.png in Resources */,
				6F07F8E21FA7ED8B0001888A /* crack2.png in Resources */,
				6FA2B14B1F82F57D00506CC8 /* Actions.sks in Resources */,
				6FB34D291FB152F300AE3F04 /* backgroundmenu.png in Resources */,
				6F07F8EC1FA7ED960001888A /* Spike top.png in Resources */,
				6F9266481FBA17920038F180 /* brick.png in Resources */,
			);
			runOnlyForDeploymentPostprocessing = 0;
		};
		6FA2B15B1F82F57D00506CC8 /* Resources */ = {
			isa = PBXResourcesBuildPhase;
			buildActionMask = 2147483647;
			files = (
			);
			runOnlyForDeploymentPostprocessing = 0;
		};
		6FA2B1661F82F57D00506CC8 /* Resources */ = {
			isa = PBXResourcesBuildPhase;
			buildActionMask = 2147483647;
			files = (
			);
			runOnlyForDeploymentPostprocessing = 0;
		};
/* End PBXResourcesBuildPhase section */

/* Begin PBXSourcesBuildPhase section */
		6FA2B13F1F82F57D00506CC8 /* Sources */ = {
			isa = PBXSourcesBuildPhase;
			buildActionMask = 2147483647;
			files = (
				6FA2B14D1F82F57D00506CC8 /* GameScene.swift in Sources */,
				6F67715D1FB0DADD007CB528 /* ViewTwo.swift in Sources */,
				6F67715B1FB0DAD2007CB528 /* ViewOne.swift in Sources */,
				6FA2B14F1F82F57D00506CC8 /* GameViewController.swift in Sources */,
				6FA2B1471F82F57D00506CC8 /* AppDelegate.swift in Sources */,
			);
			runOnlyForDeploymentPostprocessing = 0;
		};
		6FA2B1591F82F57D00506CC8 /* Sources */ = {
			isa = PBXSourcesBuildPhase;
			buildActionMask = 2147483647;
			files = (
				6FA2B1621F82F57D00506CC8 /* What_Should_We_Name_ItTests.swift in Sources */,
			);
			runOnlyForDeploymentPostprocessing = 0;
		};
		6FA2B1641F82F57D00506CC8 /* Sources */ = {
			isa = PBXSourcesBuildPhase;
			buildActionMask = 2147483647;
			files = (
				6FA2B16D1F82F57D00506CC8 /* What_Should_We_Name_ItUITests.swift in Sources */,
			);
			runOnlyForDeploymentPostprocessing = 0;
		};
/* End PBXSourcesBuildPhase section */

/* Begin PBXTargetDependency section */
		6FA2B15F1F82F57D00506CC8 /* PBXTargetDependency */ = {
			isa = PBXTargetDependency;
			target = 6FA2B1421F82F57D00506CC8 /* What Should We Name It */;
			targetProxy = 6FA2B15E1F82F57D00506CC8 /* PBXContainerItemProxy */;
		};
		6FA2B16A1F82F57D00506CC8 /* PBXTargetDependency */ = {
			isa = PBXTargetDependency;
			target = 6FA2B1421F82F57D00506CC8 /* What Should We Name It */;
			targetProxy = 6FA2B1691F82F57D00506CC8 /* PBXContainerItemProxy */;
		};
/* End PBXTargetDependency section */

/* Begin PBXVariantGroup section */
		6FA2B1501F82F57D00506CC8 /* Main.storyboard */ = {
			isa = PBXVariantGroup;
			children = (
				6FA2B1511F82F57D00506CC8 /* Base */,
			);
			name = Main.storyboard;
			sourceTree = "<group>";
		};
/* End PBXVariantGroup section */

/* Begin XCBuildConfiguration section */
		6FA2B16F1F82F57D00506CC8 /* Debug */ = {
			isa = XCBuildConfiguration;
			buildSettings = {
				ALWAYS_SEARCH_USER_PATHS = NO;
				CLANG_ANALYZER_NONNULL = YES;
				CLANG_ANALYZER_NUMBER_OBJECT_CONVERSION = YES_AGGRESSIVE;
				CLANG_CXX_LANGUAGE_STANDARD = "gnu++14";
				CLANG_CXX_LIBRARY = "libc++";
				CLANG_ENABLE_MODULES = YES;
				CLANG_ENABLE_OBJC_ARC = YES;
				CLANG_WARN_BLOCK_CAPTURE_AUTORELEASING = YES;
				CLANG_WARN_BOOL_CONVERSION = YES;
				CLANG_WARN_COMMA = YES;
				CLANG_WARN_CONSTANT_CONVERSION = YES;
				CLANG_WARN_DIRECT_OBJC_ISA_USAGE = YES_ERROR;
				CLANG_WARN_DOCUMENTATION_COMMENTS = YES;
				CLANG_WARN_EMPTY_BODY = YES;
				CLANG_WARN_ENUM_CONVERSION = YES;
				CLANG_WARN_INFINITE_RECURSION = YES;
				CLANG_WARN_INT_CONVERSION = YES;
				CLANG_WARN_NON_LITERAL_NULL_CONVERSION = YES;
				CLANG_WARN_OBJC_LITERAL_CONVERSION = YES;
				CLANG_WARN_OBJC_ROOT_CLASS = YES_ERROR;
				CLANG_WARN_RANGE_LOOP_ANALYSIS = YES;
				CLANG_WARN_STRICT_PROTOTYPES = YES;
				CLANG_WARN_SUSPICIOUS_MOVE = YES;
				CLANG_WARN_UNGUARDED_AVAILABILITY = YES_AGGRESSIVE;
				CLANG_WARN_UNREACHABLE_CODE = YES;
				CLANG_WARN__DUPLICATE_METHOD_MATCH = YES;
				CODE_SIGN_IDENTITY = "iPhone Developer";
				COPY_PHASE_STRIP = NO;
				DEBUG_INFORMATION_FORMAT = dwarf;
				ENABLE_STRICT_OBJC_MSGSEND = YES;
				ENABLE_TESTABILITY = YES;
				GCC_C_LANGUAGE_STANDARD = gnu11;
				GCC_DYNAMIC_NO_PIC = NO;
				GCC_NO_COMMON_BLOCKS = YES;
				GCC_OPTIMIZATION_LEVEL = 0;
				GCC_PREPROCESSOR_DEFINITIONS = (
					"DEBUG=1",
					"$(inherited)",
				);
				GCC_WARN_64_TO_32_BIT_CONVERSION = YES;
				GCC_WARN_ABOUT_RETURN_TYPE = YES_ERROR;
				GCC_WARN_UNDECLARED_SELECTOR = YES;
				GCC_WARN_UNINITIALIZED_AUTOS = YES_AGGRESSIVE;
				GCC_WARN_UNUSED_FUNCTION = YES;
				GCC_WARN_UNUSED_VARIABLE = YES;
				IPHONEOS_DEPLOYMENT_TARGET = 11.0;
				MTL_ENABLE_DEBUG_INFO = YES;
				ONLY_ACTIVE_ARCH = YES;
				SDKROOT = iphoneos;
				SWIFT_ACTIVE_COMPILATION_CONDITIONS = DEBUG;
				SWIFT_OPTIMIZATION_LEVEL = "-Onone";
			};
			name = Debug;
		};
		6FA2B1701F82F57D00506CC8 /* Release */ = {
			isa = XCBuildConfiguration;
			buildSettings = {
				ALWAYS_SEARCH_USER_PATHS = NO;
				CLANG_ANALYZER_NONNULL = YES;
				CLANG_ANALYZER_NUMBER_OBJECT_CONVERSION = YES_AGGRESSIVE;
				CLANG_CXX_LANGUAGE_STANDARD = "gnu++14";
				CLANG_CXX_LIBRARY = "libc++";
				CLANG_ENABLE_MODULES = YES;
				CLANG_ENABLE_OBJC_ARC = YES;
				CLANG_WARN_BLOCK_CAPTURE_AUTORELEASING = YES;
				CLANG_WARN_BOOL_CONVERSION = YES;
				CLANG_WARN_COMMA = YES;
				CLANG_WARN_CONSTANT_CONVERSION = YES;
				CLANG_WARN_DIRECT_OBJC_ISA_USAGE = YES_ERROR;
				CLANG_WARN_DOCUMENTATION_COMMENTS = YES;
				CLANG_WARN_EMPTY_BODY = YES;
				CLANG_WARN_ENUM_CONVERSION = YES;
				CLANG_WARN_INFINITE_RECURSION = YES;
				CLANG_WARN_INT_CONVERSION = YES;
				CLANG_WARN_NON_LITERAL_NULL_CONVERSION = YES;
				CLANG_WARN_OBJC_LITERAL_CONVERSION = YES;
				CLANG_WARN_OBJC_ROOT_CLASS = YES_ERROR;
				CLANG_WARN_RANGE_LOOP_ANALYSIS = YES;
				CLANG_WARN_STRICT_PROTOTYPES = YES;
				CLANG_WARN_SUSPICIOUS_MOVE = YES;
				CLANG_WARN_UNGUARDED_AVAILABILITY = YES_AGGRESSIVE;
				CLANG_WARN_UNREACHABLE_CODE = YES;
				CLANG_WARN__DUPLICATE_METHOD_MATCH = YES;
				CODE_SIGN_IDENTITY = "iPhone Developer";
				COPY_PHASE_STRIP = NO;
				DEBUG_INFORMATION_FORMAT = "dwarf-with-dsym";
				ENABLE_NS_ASSERTIONS = NO;
				ENABLE_STRICT_OBJC_MSGSEND = YES;
				GCC_C_LANGUAGE_STANDARD = gnu11;
				GCC_NO_COMMON_BLOCKS = YES;
				GCC_WARN_64_TO_32_BIT_CONVERSION = YES;
				GCC_WARN_ABOUT_RETURN_TYPE = YES_ERROR;
				GCC_WARN_UNDECLARED_SELECTOR = YES;
				GCC_WARN_UNINITIALIZED_AUTOS = YES_AGGRESSIVE;
				GCC_WARN_UNUSED_FUNCTION = YES;
				GCC_WARN_UNUSED_VARIABLE = YES;
				IPHONEOS_DEPLOYMENT_TARGET = 11.0;
				MTL_ENABLE_DEBUG_INFO = NO;
				SDKROOT = iphoneos;
				SWIFT_OPTIMIZATION_LEVEL = "-Owholemodule";
				VALIDATE_PRODUCT = YES;
			};
			name = Release;
		};
		6FA2B1721F82F57D00506CC8 /* Debug */ = {
			isa = XCBuildConfiguration;
			buildSettings = {
				ASSETCATALOG_COMPILER_APPICON_NAME = AppIcon;
				CODE_SIGN_STYLE = Automatic;
				DEVELOPMENT_TEAM = FKN7EA73XG;
				INFOPLIST_FILE = "What Should We Name It/Info.plist";
				IPHONEOS_DEPLOYMENT_TARGET = 10.0;
				LD_RUNPATH_SEARCH_PATHS = "$(inherited) @executable_path/Frameworks";
				PRODUCT_BUNDLE_IDENTIFIER = "com.Swift.What-Should-We-Name-It";
				PRODUCT_NAME = "$(TARGET_NAME)";
				SWIFT_VERSION = 4.0;
				TARGETED_DEVICE_FAMILY = 1;
			};
			name = Debug;
		};
		6FA2B1731F82F57D00506CC8 /* Release */ = {
			isa = XCBuildConfiguration;
			buildSettings = {
				ASSETCATALOG_COMPILER_APPICON_NAME = AppIcon;
				CODE_SIGN_STYLE = Automatic;
				DEVELOPMENT_TEAM = FKN7EA73XG;
				INFOPLIST_FILE = "What Should We Name It/Info.plist";
				IPHONEOS_DEPLOYMENT_TARGET = 10.0;
				LD_RUNPATH_SEARCH_PATHS = "$(inherited) @executable_path/Frameworks";
				PRODUCT_BUNDLE_IDENTIFIER = "com.Swift.What-Should-We-Name-It";
				PRODUCT_NAME = "$(TARGET_NAME)";
				SWIFT_VERSION = 4.0;
				TARGETED_DEVICE_FAMILY = 1;
			};
			name = Release;
		};
		6FA2B1751F82F57D00506CC8 /* Debug */ = {
			isa = XCBuildConfiguration;
			buildSettings = {
				ALWAYS_EMBED_SWIFT_STANDARD_LIBRARIES = YES;
				BUNDLE_LOADER = "$(TEST_HOST)";
				CODE_SIGN_STYLE = Automatic;
				INFOPLIST_FILE = "What Should We Name ItTests/Info.plist";
				LD_RUNPATH_SEARCH_PATHS = "$(inherited) @executable_path/Frameworks @loader_path/Frameworks";
				PRODUCT_BUNDLE_IDENTIFIER = "com.Swift.What-Should-We-Name-ItTests";
				PRODUCT_NAME = "$(TARGET_NAME)";
				SWIFT_VERSION = 4.0;
				TARGETED_DEVICE_FAMILY = "1,2";
				TEST_HOST = "$(BUILT_PRODUCTS_DIR)/What Should We Name It.app/What Should We Name It";
			};
			name = Debug;
		};
		6FA2B1761F82F57D00506CC8 /* Release */ = {
			isa = XCBuildConfiguration;
			buildSettings = {
				ALWAYS_EMBED_SWIFT_STANDARD_LIBRARIES = YES;
				BUNDLE_LOADER = "$(TEST_HOST)";
				CODE_SIGN_STYLE = Automatic;
				INFOPLIST_FILE = "What Should We Name ItTests/Info.plist";
				LD_RUNPATH_SEARCH_PATHS = "$(inherited) @executable_path/Frameworks @loader_path/Frameworks";
				PRODUCT_BUNDLE_IDENTIFIER = "com.Swift.What-Should-We-Name-ItTests";
				PRODUCT_NAME = "$(TARGET_NAME)";
				SWIFT_VERSION = 4.0;
				TARGETED_DEVICE_FAMILY = "1,2";
				TEST_HOST = "$(BUILT_PRODUCTS_DIR)/What Should We Name It.app/What Should We Name It";
			};
			name = Release;
		};
		6FA2B1781F82F57D00506CC8 /* Debug */ = {
			isa = XCBuildConfiguration;
			buildSettings = {
				ALWAYS_EMBED_SWIFT_STANDARD_LIBRARIES = YES;
				CODE_SIGN_STYLE = Automatic;
				INFOPLIST_FILE = "What Should We Name ItUITests/Info.plist";
				LD_RUNPATH_SEARCH_PATHS = "$(inherited) @executable_path/Frameworks @loader_path/Frameworks";
				PRODUCT_BUNDLE_IDENTIFIER = "com.Swift.What-Should-We-Name-ItUITests";
				PRODUCT_NAME = "$(TARGET_NAME)";
				SWIFT_VERSION = 4.0;
				TARGETED_DEVICE_FAMILY = "1,2";
				TEST_TARGET_NAME = "What Should We Name It";
			};
			name = Debug;
		};
		6FA2B1791F82F57D00506CC8 /* Release */ = {
			isa = XCBuildConfiguration;
			buildSettings = {
				ALWAYS_EMBED_SWIFT_STANDARD_LIBRARIES = YES;
				CODE_SIGN_STYLE = Automatic;
				INFOPLIST_FILE = "What Should We Name ItUITests/Info.plist";
				LD_RUNPATH_SEARCH_PATHS = "$(inherited) @executable_path/Frameworks @loader_path/Frameworks";
				PRODUCT_BUNDLE_IDENTIFIER = "com.Swift.What-Should-We-Name-ItUITests";
				PRODUCT_NAME = "$(TARGET_NAME)";
				SWIFT_VERSION = 4.0;
				TARGETED_DEVICE_FAMILY = "1,2";
				TEST_TARGET_NAME = "What Should We Name It";
			};
			name = Release;
		};
/* End XCBuildConfiguration section */

/* Begin XCConfigurationList section */
		6FA2B13E1F82F57D00506CC8 /* Build configuration list for PBXProject "What Should We Name It" */ = {
			isa = XCConfigurationList;
			buildConfigurations = (
				6FA2B16F1F82F57D00506CC8 /* Debug */,
				6FA2B1701F82F57D00506CC8 /* Release */,
			);
			defaultConfigurationIsVisible = 0;
			defaultConfigurationName = Release;
		};
		6FA2B1711F82F57D00506CC8 /* Build configuration list for PBXNativeTarget "What Should We Name It" */ = {
			isa = XCConfigurationList;
			buildConfigurations = (
				6FA2B1721F82F57D00506CC8 /* Debug */,
				6FA2B1731F82F57D00506CC8 /* Release */,
			);
			defaultConfigurationIsVisible = 0;
			defaultConfigurationName = Release;
		};
		6FA2B1741F82F57D00506CC8 /* Build configuration list for PBXNativeTarget "What Should We Name ItTests" */ = {
			isa = XCConfigurationList;
			buildConfigurations = (
				6FA2B1751F82F57D00506CC8 /* Debug */,
				6FA2B1761F82F57D00506CC8 /* Release */,
			);
			defaultConfigurationIsVisible = 0;
			defaultConfigurationName = Release;
		};
		6FA2B1771F82F57D00506CC8 /* Build configuration list for PBXNativeTarget "What Should We Name ItUITests" */ = {
			isa = XCConfigurationList;
			buildConfigurations = (
				6FA2B1781F82F57D00506CC8 /* Debug */,
				6FA2B1791F82F57D00506CC8 /* Release */,
			);
			defaultConfigurationIsVisible = 0;
			defaultConfigurationName = Release;
		};
/* End XCConfigurationList section */
	};
	rootObject = 6FA2B13B1F82F57D00506CC8 /* Project object */;
}
